
Microsoft Visual Studio Solution File, Format Version 12.00
# Visual Studio Version 17
VisualStudioVersion = 17.0.31903.59
MinimumVisualStudioVersion = 10.0.40219.1
Project("{FAE04EC0-301F-11D3-BF4B-00C04F79EFBC}") = "SwIconGenerator", "SwIconGenerator\SwIconGenerator.csproj", "{87036F15-44C7-4E2B-8C82-3CC9B521AD4A}"
EndProject
Global
	GlobalSection(SolutionConfigurationPlatforms) = preSolution
		Debug|Any CPU = Debug|Any CPU
		Release|Any CPU = Release|Any CPU
	EndGlobalSection
	GlobalSection(ProjectConfigurationPlatforms) = postSolution
		{87036F15-44C7-4E2B-8C82-3CC9B521AD4A}.Debug|Any CPU.ActiveCfg = Debug|Any CPU
		{87036F15-44C7-4E2B-8C82-3CC9B521AD4A}.Debug|Any CPU.Build.0 = Debug|Any CPU
		{87036F15-44C7-4E2B-8C82-3CC9B521AD4A}.Release|Any CPU.ActiveCfg = Release|Any CPU
		{87036F15-44C7-4E2B-8C82-3CC9B521AD4A}.Release|Any CPU.Build.0 = Release|Any CPU
	EndGlobalSection
	GlobalSection(SolutionProperties) = preSolution
		HideSolutionNode = FALSE
	EndGlobalSection
	GlobalSection(ExtensibilityGlobals) = postSolution
		SolutionGuid = {F0AEC370-439B-4FD4-90B3-74D9D44F4703}
	EndGlobalSection
EndGlobal
